
Microsoft Visual Studio Solution File, Format Version 12.00
# Visual Studio Version 16
VisualStudioVersion = 16.0.31727.386
MinimumVisualStudioVersion = 10.0.40219.1
Project("{FAE04EC0-301F-11D3-BF4B-00C04F79EFBC}") = "MovieKiosk", "MovieKiosk.csproj", "{F665E560-DB60-4031-AD22-61600C6DFDA5}"
EndProject
Global
	GlobalSection(SolutionConfigurationPlatforms) = preSolution
		Debug|Any CPU = Debug|Any CPU
		Release|Any CPU = Release|Any CPU
	EndGlobalSection
	GlobalSection(ProjectConfigurationPlatforms) = postSolution
		{F665E560-DB60-4031-AD22-61600C6DFDA5}.Debug|Any CPU.ActiveCfg = Debug|Any CPU
		{F665E560-DB60-4031-AD22-61600C6DFDA5}.Debug|Any CPU.Build.0 = Debug|Any CPU
		{F665E560-DB60-4031-AD22-61600C6DFDA5}.Release|Any CPU.ActiveCfg = Release|Any CPU
		{F665E560-DB60-4031-AD22-61600C6DFDA5}.Release|Any CPU.Build.0 = Release|Any CPU
	EndGlobalSection
	GlobalSection(SolutionProperties) = preSolution
		HideSolutionNode = FALSE
	EndGlobalSection
	GlobalSection(ExtensibilityGlobals) = postSolution
		SolutionGuid = {973210E8-DE2B-424A-9D04-8CB5DC967E35}
	EndGlobalSection
EndGlobal
